{
  "version": 1,
  "dependencies": {
    ".NETStandard,Version=v2.1": {
      "Microsoft.Bcl.AsyncInterfaces": {
        "type": "Direct",
        "requested": "[9.0.1, )",
        "resolved": "9.0.1",
        "contentHash": "IVkmUqf+KzbuXKrxi2tyQlg11RArYk26t2eU5cHekff+7Ao09vH8vt8idC0BJSMnpiRV2OK66zM2EwJU6Tm5Cw=="
      },
      "System.Buffers": {
        "type": "Direct",
        "requested": "[4.6.0, )",
        "resolved": "4.6.0",
        "contentHash": "lN6tZi7Q46zFzAbRYXTIvfXcyvQQgxnY7Xm6C6xQ9784dEL1amjM6S6Iw4ZpsvesAKnRVsM4scrDQaDqSClkjA=="
      },
      "System.Memory": {
        "type": "Direct",
        "requested": "[4.6.0, )",
        "resolved": "4.6.0",
        "contentHash": "OEkbBQoklHngJ8UD8ez2AERSk2g+/qpAaSWWCBFbpH727HxDq5ydVkuncBaKcKfwRqXGWx64dS6G1SUScMsitg==",
        "dependencies": {
          "System.Buffers": "4.6.0",
          "System.Numerics.Vectors": "4.6.0",
          "System.Runtime.CompilerServices.Unsafe": "6.1.0"
        }
      },
      "System.Text.Encoding.CodePages": {
        "type": "Direct",
        "requested": "[9.0.0, )",
        "resolved": "9.0.0",
        "contentHash": "GxJTSFPQpoVd0vQRgq8hwesicxgZoHTbYMvR/UMM4IzhkHMT+ebZE11c2C1gUyxz55zWtGCWktMTHvmgLzob9g==",
        "dependencies": {
          "System.Memory": "4.5.5",
          "System.Runtime.CompilerServices.Unsafe": "6.0.0"
        }
      },
      "ZstdSharp.Port": {
        "type": "Direct",
        "requested": "[0.6.1, )",
        "resolved": "0.6.1",
        "contentHash": "KZjt1x8ioy16iuFIBbNq7Sv9nAXU4k5DVSPB4cP69qaAnEeO/ru7MwfvAXHTfFKJTipOgHtvolL+QMRiYGGxkw==",
        "dependencies": {
          "System.Runtime.CompilerServices.Unsafe": "5.0.0"
        }
      },
      "System.Numerics.Vectors": {
        "type": "Transitive",
        "resolved": "4.6.0",
        "contentHash": "t+SoieZsRuEyiw/J+qXUbolyO219tKQQI0+2/YI+Qv7YdGValA6WiuokrNKqjrTNsy5ABWU11bdKOzUdheteXg=="
      },
      "System.Runtime.CompilerServices.Unsafe": {
        "type": "Transitive",
        "resolved": "6.1.0",
        "contentHash": "5o/HZxx6RVqYlhKSq8/zronDkALJZUT2Vz0hx43f0gwe8mwlM0y2nYlqdBwLMzr262Bwvpikeb/yEwkAa5PADg=="
      }
    },
    "net8.0": {
      "Microsoft.NET.ILLink.Tasks": {
        "type": "Direct",
        "requested": "[8.0.11, )",
        "resolved": "8.0.11",
        "contentHash": "zk5lnZrYJgtuJG8L4v17Ej8rZ3PUcR2iweNV08BaO5LbYHIi2wNaVNcJoLxvqgQdnjLlKnCCfVGLDr6QHeAarQ=="
      },
      "System.Buffers": {
        "type": "Direct",
        "requested": "[4.6.0, )",
        "resolved": "4.6.0",
        "contentHash": "lN6tZi7Q46zFzAbRYXTIvfXcyvQQgxnY7Xm6C6xQ9784dEL1amjM6S6Iw4ZpsvesAKnRVsM4scrDQaDqSClkjA=="
      },
      "ZstdSharp.Port": {
        "type": "Direct",
        "requested": "[0.6.1, )",
        "resolved": "0.6.1",
        "contentHash": "KZjt1x8ioy16iuFIBbNq7Sv9nAXU4k5DVSPB4cP69qaAnEeO/ru7MwfvAXHTfFKJTipOgHtvolL+QMRiYGGxkw=="
      }
    },
    "net9.0": {
      "System.Buffers": {
        "type": "Direct",
        "requested": "[4.6.0, )",
        "resolved": "4.6.0",
        "contentHash": "lN6tZi7Q46zFzAbRYXTIvfXcyvQQgxnY7Xm6C6xQ9784dEL1amjM6S6Iw4ZpsvesAKnRVsM4scrDQaDqSClkjA=="
      },
      "ZstdSharp.Port": {
        "type": "Direct",
        "requested": "[0.6.1, )",
        "resolved": "0.6.1",
        "contentHash": "KZjt1x8ioy16iuFIBbNq7Sv9nAXU4k5DVSPB4cP69qaAnEeO/ru7MwfvAXHTfFKJTipOgHtvolL+QMRiYGGxkw=="
      }
    }
  }
}